// !$*UTF8*$!
{
	archiveVersion = 1;
	classes = {
	};
	objectVersion = 50;
	objects = {

/* Begin PBXGroup section */
		187EC9E2239B63D80011649B = {
			isa = PBXGroup;
			children = (
			);
			sourceTree = "<group>";
		};
/* End PBXGroup section */

/* Begin PBXProject section */
		187EC9E3239B63D80011649B /* Project object */ = {
			isa = PBXProject;
			attributes = {
				LastUpgradeCheck = 1120;
			};
			buildConfigurationList = 187EC9E6239B63D80011649B /* Build configuration list for PBXProject "kylOpenGLEmpty" */;
			compatibilityVersion = "Xcode 9.3";
			developmentRegion = en;
			hasScannedForEncodings = 0;
			knownRegions = (
				en,
				Base,
			);
			mainGroup = 187EC9E2239B63D80011649B;
			projectDirPath = "";
			projectRoot = "";
			targets = (
			);
		};
/* End PBXProject section */

/* Begin XCBuildConfiguration section */
		187EC9E7239B63D80011649B /* Debug */ = {
			isa = XCBuildConfiguration;
			buildSettings = {
			};
			name = Debug;
		};
		187EC9E8239B63D80011649B /* Release */ = {
			isa = XCBuildConfiguration;
			buildSettings = {
			};
			name = Release;
		};
/* End XCBuildConfiguration section */

/* Begin XCConfigurationList section */
		187EC9E6239B63D80011649B /* Build configuration list for PBXProject "kylOpenGLEmpty" */ = {
			isa = XCConfigurationList;
			buildConfigurations = (
				187EC9E7239B63D80011649B /* Debug */,
				187EC9E8239B63D80011649B /* Release */,
			);
			defaultConfigurationIsVisible = 0;
			defaultConfigurationName = Release;
		};
/* End XCConfigurationList section */
	};
	rootObject = 187EC9E3239B63D80011649B /* Project object */;
}
